
Microsoft Visual Studio Solution File, Format Version 12.00
# Visual Studio Version 17
VisualStudioVersion = 17.1.32414.318
MinimumVisualStudioVersion = 10.0.40219.1
Project("{9A19103F-16F7-4668-BE54-9A1E7A4F7556}") = "RestaurantUI", "RestaurantUI\RestaurantUI.csproj", "{537538A7-C236-4558-BD5B-1639401B7A66}"
EndProject
Project("{9A19103F-16F7-4668-BE54-9A1E7A4F7556}") = "RestaurantDL", "RestaurantDL\RestaurantDL.csproj", "{375DA9D7-3DCF-4D82-9506-E4EB964CBEDB}"
EndProject
Project("{9A19103F-16F7-4668-BE54-9A1E7A4F7556}") = "RestaurantML", "RestaurantML\RestaurantML.csproj", "{5817D7A9-4F56-4297-9526-14CC2E60498D}"
EndProject
Project("{FAE04EC0-301F-11D3-BF4B-00C04F79EFBC}") = "UserDL", "UserDL\UserDL.csproj", "{1F89AAA1-757E-42D7-ADA9-F2D3158C0AC3}"
EndProject
Project("{FAE04EC0-301F-11D3-BF4B-00C04F79EFBC}") = "UserML", "UserML\UserML.csproj", "{55808EB5-F266-40C5-B4C5-31EE37A31065}"
EndProject
Global
	GlobalSection(SolutionConfigurationPlatforms) = preSolution
		Debug|Any CPU = Debug|Any CPU
		Release|Any CPU = Release|Any CPU
	EndGlobalSection
	GlobalSection(ProjectConfigurationPlatforms) = postSolution
		{537538A7-C236-4558-BD5B-1639401B7A66}.Debug|Any CPU.ActiveCfg = Debug|Any CPU
		{537538A7-C236-4558-BD5B-1639401B7A66}.Debug|Any CPU.Build.0 = Debug|Any CPU
		{537538A7-C236-4558-BD5B-1639401B7A66}.Release|Any CPU.ActiveCfg = Release|Any CPU
		{537538A7-C236-4558-BD5B-1639401B7A66}.Release|Any CPU.Build.0 = Release|Any CPU
		{375DA9D7-3DCF-4D82-9506-E4EB964CBEDB}.Debug|Any CPU.ActiveCfg = Debug|Any CPU
		{375DA9D7-3DCF-4D82-9506-E4EB964CBEDB}.Debug|Any CPU.Build.0 = Debug|Any CPU
		{375DA9D7-3DCF-4D82-9506-E4EB964CBEDB}.Release|Any CPU.ActiveCfg = Release|Any CPU
		{375DA9D7-3DCF-4D82-9506-E4EB964CBEDB}.Release|Any CPU.Build.0 = Release|Any CPU
		{5817D7A9-4F56-4297-9526-14CC2E60498D}.Debug|Any CPU.ActiveCfg = Debug|Any CPU
		{5817D7A9-4F56-4297-9526-14CC2E60498D}.Debug|Any CPU.Build.0 = Debug|Any CPU
		{5817D7A9-4F56-4297-9526-14CC2E60498D}.Release|Any CPU.ActiveCfg = Release|Any CPU
		{5817D7A9-4F56-4297-9526-14CC2E60498D}.Release|Any CPU.Build.0 = Release|Any CPU
		{1F89AAA1-757E-42D7-ADA9-F2D3158C0AC3}.Debug|Any CPU.ActiveCfg = Debug|Any CPU
		{1F89AAA1-757E-42D7-ADA9-F2D3158C0AC3}.Debug|Any CPU.Build.0 = Debug|Any CPU
		{1F89AAA1-757E-42D7-ADA9-F2D3158C0AC3}.Release|Any CPU.ActiveCfg = Release|Any CPU
		{1F89AAA1-757E-42D7-ADA9-F2D3158C0AC3}.Release|Any CPU.Build.0 = Release|Any CPU
		{55808EB5-F266-40C5-B4C5-31EE37A31065}.Debug|Any CPU.ActiveCfg = Debug|Any CPU
		{55808EB5-F266-40C5-B4C5-31EE37A31065}.Debug|Any CPU.Build.0 = Debug|Any CPU
		{55808EB5-F266-40C5-B4C5-31EE37A31065}.Release|Any CPU.ActiveCfg = Release|Any CPU
		{55808EB5-F266-40C5-B4C5-31EE37A31065}.Release|Any CPU.Build.0 = Release|Any CPU
	EndGlobalSection
	GlobalSection(SolutionProperties) = preSolution
		HideSolutionNode = FALSE
	EndGlobalSection
	GlobalSection(ExtensibilityGlobals) = postSolution
		SolutionGuid = {EFFF2345-F2A0-49A1-9725-817CF8F6C4DD}
	EndGlobalSection
EndGlobal
