
Microsoft Visual Studio Solution File, Format Version 12.00
# Visual Studio Version 17
VisualStudioVersion = 17.2.32505.173
MinimumVisualStudioVersion = 10.0.40219.1
Project("{9A19103F-16F7-4668-BE54-9A1E7A4F7556}") = "PlantAPI", "PlantAPI\PlantAPI.csproj", "{6ED41739-D68E-4667-9AF3-C698A2A9FADA}"
EndProject
Project("{9A19103F-16F7-4668-BE54-9A1E7A4F7556}") = "BL", "BL\BL.csproj", "{9E7788CD-B11F-4D55-8D47-0E69A5987159}"
EndProject
Project("{9A19103F-16F7-4668-BE54-9A1E7A4F7556}") = "DL", "DL\DL.csproj", "{38F7F25C-F6F1-4F6D-9FC3-8C3A17EDA621}"
EndProject
Project("{9A19103F-16F7-4668-BE54-9A1E7A4F7556}") = "Models", "Models\Models.csproj", "{6ADD7506-41B5-4FD7-8775-6377AF3ECF45}"
EndProject
Project("{FAE04EC0-301F-11D3-BF4B-00C04F79EFBC}") = "PlantDL_DBFrist", "PlantDL_DBFrist\PlantDL_DBFrist.csproj", "{DC63655B-5C84-4386-B458-BC699C1426FF}"
EndProject
Global
	GlobalSection(SolutionConfigurationPlatforms) = preSolution
		Debug|Any CPU = Debug|Any CPU
		Release|Any CPU = Release|Any CPU
	EndGlobalSection
	GlobalSection(ProjectConfigurationPlatforms) = postSolution
		{6ED41739-D68E-4667-9AF3-C698A2A9FADA}.Debug|Any CPU.ActiveCfg = Debug|Any CPU
		{6ED41739-D68E-4667-9AF3-C698A2A9FADA}.Debug|Any CPU.Build.0 = Debug|Any CPU
		{6ED41739-D68E-4667-9AF3-C698A2A9FADA}.Release|Any CPU.ActiveCfg = Release|Any CPU
		{6ED41739-D68E-4667-9AF3-C698A2A9FADA}.Release|Any CPU.Build.0 = Release|Any CPU
		{9E7788CD-B11F-4D55-8D47-0E69A5987159}.Debug|Any CPU.ActiveCfg = Debug|Any CPU
		{9E7788CD-B11F-4D55-8D47-0E69A5987159}.Debug|Any CPU.Build.0 = Debug|Any CPU
		{9E7788CD-B11F-4D55-8D47-0E69A5987159}.Release|Any CPU.ActiveCfg = Release|Any CPU
		{9E7788CD-B11F-4D55-8D47-0E69A5987159}.Release|Any CPU.Build.0 = Release|Any CPU
		{38F7F25C-F6F1-4F6D-9FC3-8C3A17EDA621}.Debug|Any CPU.ActiveCfg = Debug|Any CPU
		{38F7F25C-F6F1-4F6D-9FC3-8C3A17EDA621}.Debug|Any CPU.Build.0 = Debug|Any CPU
		{38F7F25C-F6F1-4F6D-9FC3-8C3A17EDA621}.Release|Any CPU.ActiveCfg = Release|Any CPU
		{38F7F25C-F6F1-4F6D-9FC3-8C3A17EDA621}.Release|Any CPU.Build.0 = Release|Any CPU
		{6ADD7506-41B5-4FD7-8775-6377AF3ECF45}.Debug|Any CPU.ActiveCfg = Debug|Any CPU
		{6ADD7506-41B5-4FD7-8775-6377AF3ECF45}.Debug|Any CPU.Build.0 = Debug|Any CPU
		{6ADD7506-41B5-4FD7-8775-6377AF3ECF45}.Release|Any CPU.ActiveCfg = Release|Any CPU
		{6ADD7506-41B5-4FD7-8775-6377AF3ECF45}.Release|Any CPU.Build.0 = Release|Any CPU
		{DC63655B-5C84-4386-B458-BC699C1426FF}.Debug|Any CPU.ActiveCfg = Debug|Any CPU
		{DC63655B-5C84-4386-B458-BC699C1426FF}.Debug|Any CPU.Build.0 = Debug|Any CPU
		{DC63655B-5C84-4386-B458-BC699C1426FF}.Release|Any CPU.ActiveCfg = Release|Any CPU
		{DC63655B-5C84-4386-B458-BC699C1426FF}.Release|Any CPU.Build.0 = Release|Any CPU
	EndGlobalSection
	GlobalSection(SolutionProperties) = preSolution
		HideSolutionNode = FALSE
	EndGlobalSection
	GlobalSection(ExtensibilityGlobals) = postSolution
		SolutionGuid = {F7439EBF-C46C-44B8-9F71-1EE6AC118413}
	EndGlobalSection
EndGlobal
